// !$*UTF8*$!
{
	archiveVersion = 1;
	classes = {
	};
	objectVersion = 50;
	objects = {

/* Begin PBXBuildFile section */
		9128E02C254F866D005CB262 /* AppDelegate.swift in Sources */ = {isa = PBXBuildFile; fileRef = 9128E02B254F866D005CB262 /* AppDelegate.swift */; };
		9128E02E254F866D005CB262 /* ContentView.swift in Sources */ = {isa = PBXBuildFile; fileRef = 9128E02D254F866D005CB262 /* ContentView.swift */; };
		9128E030254F866E005CB262 /* Assets.xcassets in Resources */ = {isa = PBXBuildFile; fileRef = 9128E02F254F866E005CB262 /* Assets.xcassets */; };
		9128E033254F866E005CB262 /* Preview Assets.xcassets in Resources */ = {isa = PBXBuildFile; fileRef = 9128E032254F866E005CB262 /* Preview Assets.xcassets */; };
		9128E036254F866E005CB262 /* Main.storyboard in Resources */ = {isa = PBXBuildFile; fileRef = 9128E034254F866E005CB262 /* Main.storyboard */; };
		9128E042254F866E005CB262 /* taurusTests.swift in Sources */ = {isa = PBXBuildFile; fileRef = 9128E041254F866E005CB262 /* taurusTests.swift */; };
		9128E04D254F866E005CB262 /* taurusUITests.swift in Sources */ = {isa = PBXBuildFile; fileRef = 9128E04C254F866E005CB262 /* taurusUITests.swift */; };
		913C7B6225A9170500EC7D2A /* GeminiParser.swift in Sources */ = {isa = PBXBuildFile; fileRef = 913C7B6125A9170500EC7D2A /* GeminiParser.swift */; };
		913C7B6725A9176100EC7D2A /* GeminiParserTests.swift in Sources */ = {isa = PBXBuildFile; fileRef = 913C7B6625A9176100EC7D2A /* GeminiParserTests.swift */; };
		913EE2F725B272FA00A7D324 /* TextView.swift in Sources */ = {isa = PBXBuildFile; fileRef = 913EE2F625B272FA00A7D324 /* TextView.swift */; };
		9190CCE825BF6F84009EC6F2 /* WebLinkView.swift in Sources */ = {isa = PBXBuildFile; fileRef = 9190CCE725BF6F84009EC6F2 /* WebLinkView.swift */; };
		9190CCED25BF7F07009EC6F2 /* NavigationView.swift in Sources */ = {isa = PBXBuildFile; fileRef = 9190CCEC25BF7F07009EC6F2 /* NavigationView.swift */; };
		9190CCF225BF9FE4009EC6F2 /* Page.swift in Sources */ = {isa = PBXBuildFile; fileRef = 9190CCF125BF9FE4009EC6F2 /* Page.swift */; };
		9190CCF725BFA10F009EC6F2 /* PageView.swift in Sources */ = {isa = PBXBuildFile; fileRef = 9190CCF625BFA10F009EC6F2 /* PageView.swift */; };
		919BB77725BCB23000B5A21C /* GeminiResponseParser.swift in Sources */ = {isa = PBXBuildFile; fileRef = 919BB77625BCB22F00B5A21C /* GeminiResponseParser.swift */; };
		919BB77F25BCB2B400B5A21C /* GeminiResponseParserTest.swift in Sources */ = {isa = PBXBuildFile; fileRef = 919BB77E25BCB2B400B5A21C /* GeminiResponseParserTest.swift */; };
		919BB78425BCBC8000B5A21C /* PreView.swift in Sources */ = {isa = PBXBuildFile; fileRef = 919BB78325BCBC8000B5A21C /* PreView.swift */; };
		919BB78925BCBD1600B5A21C /* LinkView.swift in Sources */ = {isa = PBXBuildFile; fileRef = 919BB78825BCBD1600B5A21C /* LinkView.swift */; };
		919BB78E25BCBD7B00B5A21C /* HeadingView.swift in Sources */ = {isa = PBXBuildFile; fileRef = 919BB78D25BCBD7B00B5A21C /* HeadingView.swift */; };
		919BB79325BCBDC400B5A21C /* QuoteView.swift in Sources */ = {isa = PBXBuildFile; fileRef = 919BB79225BCBDC400B5A21C /* QuoteView.swift */; };
		919BB79825BCBE0700B5A21C /* ListItemView.swift in Sources */ = {isa = PBXBuildFile; fileRef = 919BB79725BCBE0700B5A21C /* ListItemView.swift */; };
		919BB79D25BCBE8500B5A21C /* NilView.swift in Sources */ = {isa = PBXBuildFile; fileRef = 919BB79C25BCBE8500B5A21C /* NilView.swift */; };
		919BB7B725BCC3C100B5A21C /* Colors.xcassets in Resources */ = {isa = PBXBuildFile; fileRef = 919BB7B625BCC3C100B5A21C /* Colors.xcassets */; };
		91F6D08725AF689800ED0411 /* GeminiCompiler.swift in Sources */ = {isa = PBXBuildFile; fileRef = 91F6D08625AF689800ED0411 /* GeminiCompiler.swift */; };
		91F6D08C25AF68C300ED0411 /* GeminiCompilerTests.swift in Sources */ = {isa = PBXBuildFile; fileRef = 91F6D08B25AF68C300ED0411 /* GeminiCompilerTests.swift */; };
/* End PBXBuildFile section */

/* Begin PBXContainerItemProxy section */
		9128E03E254F866E005CB262 /* PBXContainerItemProxy */ = {
			isa = PBXContainerItemProxy;
			containerPortal = 9128E020254F866D005CB262 /* Project object */;
			proxyType = 1;
			remoteGlobalIDString = 9128E027254F866D005CB262;
			remoteInfo = taurus;
		};
		9128E049254F866E005CB262 /* PBXContainerItemProxy */ = {
			isa = PBXContainerItemProxy;
			containerPortal = 9128E020254F866D005CB262 /* Project object */;
			proxyType = 1;
			remoteGlobalIDString = 9128E027254F866D005CB262;
			remoteInfo = taurus;
		};
/* End PBXContainerItemProxy section */

/* Begin PBXFileReference section */
		9128E028254F866D005CB262 /* taurus.app */ = {isa = PBXFileReference; explicitFileType = wrapper.application; includeInIndex = 0; path = taurus.app; sourceTree = BUILT_PRODUCTS_DIR; };
		9128E02B254F866D005CB262 /* AppDelegate.swift */ = {isa = PBXFileReference; lastKnownFileType = sourcecode.swift; path = AppDelegate.swift; sourceTree = "<group>"; };
		9128E02D254F866D005CB262 /* ContentView.swift */ = {isa = PBXFileReference; lastKnownFileType = sourcecode.swift; path = ContentView.swift; sourceTree = "<group>"; };
		9128E02F254F866E005CB262 /* Assets.xcassets */ = {isa = PBXFileReference; lastKnownFileType = folder.assetcatalog; path = Assets.xcassets; sourceTree = "<group>"; };
		9128E032254F866E005CB262 /* Preview Assets.xcassets */ = {isa = PBXFileReference; lastKnownFileType = folder.assetcatalog; path = "Preview Assets.xcassets"; sourceTree = "<group>"; };
		9128E035254F866E005CB262 /* Base */ = {isa = PBXFileReference; lastKnownFileType = file.storyboard; name = Base; path = Base.lproj/Main.storyboard; sourceTree = "<group>"; };
		9128E037254F866E005CB262 /* Info.plist */ = {isa = PBXFileReference; lastKnownFileType = text.plist.xml; path = Info.plist; sourceTree = "<group>"; };
		9128E038254F866E005CB262 /* taurus.entitlements */ = {isa = PBXFileReference; lastKnownFileType = text.plist.entitlements; path = taurus.entitlements; sourceTree = "<group>"; };
		9128E03D254F866E005CB262 /* taurusTests.xctest */ = {isa = PBXFileReference; explicitFileType = wrapper.cfbundle; includeInIndex = 0; path = taurusTests.xctest; sourceTree = BUILT_PRODUCTS_DIR; };
		9128E041254F866E005CB262 /* taurusTests.swift */ = {isa = PBXFileReference; lastKnownFileType = sourcecode.swift; path = taurusTests.swift; sourceTree = "<group>"; };
		9128E043254F866E005CB262 /* Info.plist */ = {isa = PBXFileReference; lastKnownFileType = text.plist.xml; path = Info.plist; sourceTree = "<group>"; };
		9128E048254F866E005CB262 /* taurusUITests.xctest */ = {isa = PBXFileReference; explicitFileType = wrapper.cfbundle; includeInIndex = 0; path = taurusUITests.xctest; sourceTree = BUILT_PRODUCTS_DIR; };
		9128E04C254F866E005CB262 /* taurusUITests.swift */ = {isa = PBXFileReference; lastKnownFileType = sourcecode.swift; path = taurusUITests.swift; sourceTree = "<group>"; };
		9128E04E254F866E005CB262 /* Info.plist */ = {isa = PBXFileReference; lastKnownFileType = text.plist.xml; path = Info.plist; sourceTree = "<group>"; };
		913C7B6125A9170500EC7D2A /* GeminiParser.swift */ = {isa = PBXFileReference; lastKnownFileType = sourcecode.swift; path = GeminiParser.swift; sourceTree = "<group>"; };
		913C7B6625A9176100EC7D2A /* GeminiParserTests.swift */ = {isa = PBXFileReference; lastKnownFileType = sourcecode.swift; path = GeminiParserTests.swift; sourceTree = "<group>"; };
		913EE2F625B272FA00A7D324 /* TextView.swift */ = {isa = PBXFileReference; lastKnownFileType = sourcecode.swift; path = TextView.swift; sourceTree = "<group>"; };
		9190CCE725BF6F84009EC6F2 /* WebLinkView.swift */ = {isa = PBXFileReference; lastKnownFileType = sourcecode.swift; path = WebLinkView.swift; sourceTree = "<group>"; };
		9190CCEC25BF7F07009EC6F2 /* NavigationView.swift */ = {isa = PBXFileReference; lastKnownFileType = sourcecode.swift; path = NavigationView.swift; sourceTree = "<group>"; };
		9190CCF125BF9FE4009EC6F2 /* Page.swift */ = {isa = PBXFileReference; lastKnownFileType = sourcecode.swift; path = Page.swift; sourceTree = "<group>"; };
		9190CCF625BFA10F009EC6F2 /* PageView.swift */ = {isa = PBXFileReference; lastKnownFileType = sourcecode.swift; path = PageView.swift; sourceTree = "<group>"; };
		919BB77625BCB22F00B5A21C /* GeminiResponseParser.swift */ = {isa = PBXFileReference; lastKnownFileType = sourcecode.swift; path = GeminiResponseParser.swift; sourceTree = "<group>"; };
		919BB77E25BCB2B400B5A21C /* GeminiResponseParserTest.swift */ = {isa = PBXFileReference; lastKnownFileType = sourcecode.swift; path = GeminiResponseParserTest.swift; sourceTree = "<group>"; };
		919BB78325BCBC8000B5A21C /* PreView.swift */ = {isa = PBXFileReference; lastKnownFileType = sourcecode.swift; path = PreView.swift; sourceTree = "<group>"; };
		919BB78825BCBD1600B5A21C /* LinkView.swift */ = {isa = PBXFileReference; lastKnownFileType = sourcecode.swift; path = LinkView.swift; sourceTree = "<group>"; };
		919BB78D25BCBD7B00B5A21C /* HeadingView.swift */ = {isa = PBXFileReference; lastKnownFileType = sourcecode.swift; path = HeadingView.swift; sourceTree = "<group>"; };
		919BB79225BCBDC400B5A21C /* QuoteView.swift */ = {isa = PBXFileReference; lastKnownFileType = sourcecode.swift; path = QuoteView.swift; sourceTree = "<group>"; };
		919BB79725BCBE0700B5A21C /* ListItemView.swift */ = {isa = PBXFileReference; lastKnownFileType = sourcecode.swift; path = ListItemView.swift; sourceTree = "<group>"; };
		919BB79C25BCBE8500B5A21C /* NilView.swift */ = {isa = PBXFileReference; lastKnownFileType = sourcecode.swift; path = NilView.swift; sourceTree = "<group>"; };
		919BB7B625BCC3C100B5A21C /* Colors.xcassets */ = {isa = PBXFileReference; lastKnownFileType = folder.assetcatalog; path = Colors.xcassets; sourceTree = "<group>"; };
		91F6D08625AF689800ED0411 /* GeminiCompiler.swift */ = {isa = PBXFileReference; lastKnownFileType = sourcecode.swift; path = GeminiCompiler.swift; sourceTree = "<group>"; };
		91F6D08B25AF68C300ED0411 /* GeminiCompilerTests.swift */ = {isa = PBXFileReference; lastKnownFileType = sourcecode.swift; path = GeminiCompilerTests.swift; sourceTree = "<group>"; };
/* End PBXFileReference section */

/* Begin PBXFrameworksBuildPhase section */
		9128E025254F866D005CB262 /* Frameworks */ = {
			isa = PBXFrameworksBuildPhase;
			buildActionMask = 2147483647;
			files = (
			);
			runOnlyForDeploymentPostprocessing = 0;
		};
		9128E03A254F866E005CB262 /* Frameworks */ = {
			isa = PBXFrameworksBuildPhase;
			buildActionMask = 2147483647;
			files = (
			);
			runOnlyForDeploymentPostprocessing = 0;
		};
		9128E045254F866E005CB262 /* Frameworks */ = {
			isa = PBXFrameworksBuildPhase;
			buildActionMask = 2147483647;
			files = (
			);
			runOnlyForDeploymentPostprocessing = 0;
		};
/* End PBXFrameworksBuildPhase section */

/* Begin PBXGroup section */
		9128E01F254F866D005CB262 = {
			isa = PBXGroup;
			children = (
				9128E02A254F866D005CB262 /* taurus */,
				9128E040254F866E005CB262 /* taurusTests */,
				9128E04B254F866E005CB262 /* taurusUITests */,
				9128E029254F866D005CB262 /* Products */,
			);
			sourceTree = "<group>";
		};
		9128E029254F866D005CB262 /* Products */ = {
			isa = PBXGroup;
			children = (
				9128E028254F866D005CB262 /* taurus.app */,
				9128E03D254F866E005CB262 /* taurusTests.xctest */,
				9128E048254F866E005CB262 /* taurusUITests.xctest */,
			);
			name = Products;
			sourceTree = "<group>";
		};
		9128E02A254F866D005CB262 /* taurus */ = {
			isa = PBXGroup;
			children = (
				9128E02B254F866D005CB262 /* AppDelegate.swift */,
				9128E02D254F866D005CB262 /* ContentView.swift */,
				9128E02F254F866E005CB262 /* Assets.xcassets */,
				9128E034254F866E005CB262 /* Main.storyboard */,
				919BB7B625BCC3C100B5A21C /* Colors.xcassets */,
				9128E037254F866E005CB262 /* Info.plist */,
				9128E038254F866E005CB262 /* taurus.entitlements */,
				9128E031254F866E005CB262 /* Preview Content */,
				913C7B6125A9170500EC7D2A /* GeminiParser.swift */,
				91F6D08625AF689800ED0411 /* GeminiCompiler.swift */,
				913EE2F625B272FA00A7D324 /* TextView.swift */,
				919BB77625BCB22F00B5A21C /* GeminiResponseParser.swift */,
				919BB78325BCBC8000B5A21C /* PreView.swift */,
				919BB78D25BCBD7B00B5A21C /* HeadingView.swift */,
				919BB78825BCBD1600B5A21C /* LinkView.swift */,
				919BB79225BCBDC400B5A21C /* QuoteView.swift */,
				919BB79725BCBE0700B5A21C /* ListItemView.swift */,
				919BB79C25BCBE8500B5A21C /* NilView.swift */,
				9190CCE725BF6F84009EC6F2 /* WebLinkView.swift */,
				9190CCEC25BF7F07009EC6F2 /* NavigationView.swift */,
				9190CCF125BF9FE4009EC6F2 /* Page.swift */,
				9190CCF625BFA10F009EC6F2 /* PageView.swift */,
			);
			path = taurus;
			sourceTree = "<group>";
		};
		9128E031254F866E005CB262 /* Preview Content */ = {
			isa = PBXGroup;
			children = (
				9128E032254F866E005CB262 /* Preview Assets.xcassets */,
			);
			path = "Preview Content";
			sourceTree = "<group>";
		};
		9128E040254F866E005CB262 /* taurusTests */ = {
			isa = PBXGroup;
			children = (
				913C7B6625A9176100EC7D2A /* GeminiParserTests.swift */,
				9128E041254F866E005CB262 /* taurusTests.swift */,
				9128E043254F866E005CB262 /* Info.plist */,
				91F6D08B25AF68C300ED0411 /* GeminiCompilerTests.swift */,
				919BB77E25BCB2B400B5A21C /* GeminiResponseParserTest.swift */,
			);
			path = taurusTests;
			sourceTree = "<group>";
		};
		9128E04B254F866E005CB262 /* taurusUITests */ = {
			isa = PBXGroup;
			children = (
				9128E04C254F866E005CB262 /* taurusUITests.swift */,
				9128E04E254F866E005CB262 /* Info.plist */,
			);
			path = taurusUITests;
			sourceTree = "<group>";
		};
/* End PBXGroup section */

/* Begin PBXNativeTarget section */
		9128E027254F866D005CB262 /* taurus */ = {
			isa = PBXNativeTarget;
			buildConfigurationList = 9128E051254F866E005CB262 /* Build configuration list for PBXNativeTarget "taurus" */;
			buildPhases = (
				9128E024254F866D005CB262 /* Sources */,
				9128E025254F866D005CB262 /* Frameworks */,
				9128E026254F866D005CB262 /* Resources */,
			);
			buildRules = (
			);
			dependencies = (
			);
			name = taurus;
			productName = taurus;
			productReference = 9128E028254F866D005CB262 /* taurus.app */;
			productType = "com.apple.product-type.application";
		};
		9128E03C254F866E005CB262 /* taurusTests */ = {
			isa = PBXNativeTarget;
			buildConfigurationList = 9128E054254F866E005CB262 /* Build configuration list for PBXNativeTarget "taurusTests" */;
			buildPhases = (
				9128E039254F866E005CB262 /* Sources */,
				9128E03A254F866E005CB262 /* Frameworks */,
				9128E03B254F866E005CB262 /* Resources */,
			);
			buildRules = (
			);
			dependencies = (
				9128E03F254F866E005CB262 /* PBXTargetDependency */,
			);
			name = taurusTests;
			productName = taurusTests;
			productReference = 9128E03D254F866E005CB262 /* taurusTests.xctest */;
			productType = "com.apple.product-type.bundle.unit-test";
		};
		9128E047254F866E005CB262 /* taurusUITests */ = {
			isa = PBXNativeTarget;
			buildConfigurationList = 9128E057254F866E005CB262 /* Build configuration list for PBXNativeTarget "taurusUITests" */;
			buildPhases = (
				9128E044254F866E005CB262 /* Sources */,
				9128E045254F866E005CB262 /* Frameworks */,
				9128E046254F866E005CB262 /* Resources */,
			);
			buildRules = (
			);
			dependencies = (
				9128E04A254F866E005CB262 /* PBXTargetDependency */,
			);
			name = taurusUITests;
			productName = taurusUITests;
			productReference = 9128E048254F866E005CB262 /* taurusUITests.xctest */;
			productType = "com.apple.product-type.bundle.ui-testing";
		};
/* End PBXNativeTarget section */

/* Begin PBXProject section */
		9128E020254F866D005CB262 /* Project object */ = {
			isa = PBXProject;
			attributes = {
				LastSwiftUpdateCheck = 1210;
				LastUpgradeCheck = 1230;
				TargetAttributes = {
					9128E027254F866D005CB262 = {
						CreatedOnToolsVersion = 12.1;
					};
					9128E03C254F866E005CB262 = {
						CreatedOnToolsVersion = 12.1;
						TestTargetID = 9128E027254F866D005CB262;
					};
					9128E047254F866E005CB262 = {
						CreatedOnToolsVersion = 12.1;
						TestTargetID = 9128E027254F866D005CB262;
					};
				};
			};
			buildConfigurationList = 9128E023254F866D005CB262 /* Build configuration list for PBXProject "taurus" */;
			compatibilityVersion = "Xcode 9.3";
			developmentRegion = en;
			hasScannedForEncodings = 0;
			knownRegions = (
				en,
				Base,
			);
			mainGroup = 9128E01F254F866D005CB262;
			productRefGroup = 9128E029254F866D005CB262 /* Products */;
			projectDirPath = "";
			projectRoot = "";
			targets = (
				9128E027254F866D005CB262 /* taurus */,
				9128E03C254F866E005CB262 /* taurusTests */,
				9128E047254F866E005CB262 /* taurusUITests */,
			);
		};
/* End PBXProject section */

/* Begin PBXResourcesBuildPhase section */
		9128E026254F866D005CB262 /* Resources */ = {
			isa = PBXResourcesBuildPhase;
			buildActionMask = 2147483647;
			files = (
				9128E036254F866E005CB262 /* Main.storyboard in Resources */,
				919BB7B725BCC3C100B5A21C /* Colors.xcassets in Resources */,
				9128E033254F866E005CB262 /* Preview Assets.xcassets in Resources */,
				9128E030254F866E005CB262 /* Assets.xcassets in Resources */,
			);
			runOnlyForDeploymentPostprocessing = 0;
		};
		9128E03B254F866E005CB262 /* Resources */ = {
			isa = PBXResourcesBuildPhase;
			buildActionMask = 2147483647;
			files = (
			);
			runOnlyForDeploymentPostprocessing = 0;
		};
		9128E046254F866E005CB262 /* Resources */ = {
			isa = PBXResourcesBuildPhase;
			buildActionMask = 2147483647;
			files = (
			);
			runOnlyForDeploymentPostprocessing = 0;
		};
/* End PBXResourcesBuildPhase section */

/* Begin PBXSourcesBuildPhase section */
		9128E024254F866D005CB262 /* Sources */ = {
			isa = PBXSourcesBuildPhase;
			buildActionMask = 2147483647;
			files = (
				9190CCED25BF7F07009EC6F2 /* NavigationView.swift in Sources */,
				9190CCF725BFA10F009EC6F2 /* PageView.swift in Sources */,
				9128E02E254F866D005CB262 /* ContentView.swift in Sources */,
				919BB79325BCBDC400B5A21C /* QuoteView.swift in Sources */,
				919BB79D25BCBE8500B5A21C /* NilView.swift in Sources */,
				9128E02C254F866D005CB262 /* AppDelegate.swift in Sources */,
				919BB79825BCBE0700B5A21C /* ListItemView.swift in Sources */,
				919BB78925BCBD1600B5A21C /* LinkView.swift in Sources */,
				913C7B6225A9170500EC7D2A /* GeminiParser.swift in Sources */,
				9190CCE825BF6F84009EC6F2 /* WebLinkView.swift in Sources */,
				919BB78E25BCBD7B00B5A21C /* HeadingView.swift in Sources */,
				91F6D08725AF689800ED0411 /* GeminiCompiler.swift in Sources */,
				919BB77725BCB23000B5A21C /* GeminiResponseParser.swift in Sources */,
				919BB78425BCBC8000B5A21C /* PreView.swift in Sources */,
				913EE2F725B272FA00A7D324 /* TextView.swift in Sources */,
				9190CCF225BF9FE4009EC6F2 /* Page.swift in Sources */,
			);
			runOnlyForDeploymentPostprocessing = 0;
		};
		9128E039254F866E005CB262 /* Sources */ = {
			isa = PBXSourcesBuildPhase;
			buildActionMask = 2147483647;
			files = (
				9128E042254F866E005CB262 /* taurusTests.swift in Sources */,
				91F6D08C25AF68C300ED0411 /* GeminiCompilerTests.swift in Sources */,
				919BB77F25BCB2B400B5A21C /* GeminiResponseParserTest.swift in Sources */,
				913C7B6725A9176100EC7D2A /* GeminiParserTests.swift in Sources */,
			);
			runOnlyForDeploymentPostprocessing = 0;
		};
		9128E044254F866E005CB262 /* Sources */ = {
			isa = PBXSourcesBuildPhase;
			buildActionMask = 2147483647;
			files = (
				9128E04D254F866E005CB262 /* taurusUITests.swift in Sources */,
			);
			runOnlyForDeploymentPostprocessing = 0;
		};
/* End PBXSourcesBuildPhase section */

/* Begin PBXTargetDependency section */
		9128E03F254F866E005CB262 /* PBXTargetDependency */ = {
			isa = PBXTargetDependency;
			target = 9128E027254F866D005CB262 /* taurus */;
			targetProxy = 9128E03E254F866E005CB262 /* PBXContainerItemProxy */;
		};
		9128E04A254F866E005CB262 /* PBXTargetDependency */ = {
			isa = PBXTargetDependency;
			target = 9128E027254F866D005CB262 /* taurus */;
			targetProxy = 9128E049254F866E005CB262 /* PBXContainerItemProxy */;
		};
/* End PBXTargetDependency section */

/* Begin PBXVariantGroup section */
		9128E034254F866E005CB262 /* Main.storyboard */ = {
			isa = PBXVariantGroup;
			children = (
				9128E035254F866E005CB262 /* Base */,
			);
			name = Main.storyboard;
			sourceTree = "<group>";
		};
/* End PBXVariantGroup section */

/* Begin XCBuildConfiguration section */
		9128E04F254F866E005CB262 /* Debug */ = {
			isa = XCBuildConfiguration;
			buildSettings = {
				ALWAYS_SEARCH_USER_PATHS = NO;
				CLANG_ANALYZER_NONNULL = YES;
				CLANG_ANALYZER_NUMBER_OBJECT_CONVERSION = YES_AGGRESSIVE;
				CLANG_CXX_LANGUAGE_STANDARD = "gnu++14";
				CLANG_CXX_LIBRARY = "libc++";
				CLANG_ENABLE_MODULES = YES;
				CLANG_ENABLE_OBJC_ARC = YES;
				CLANG_ENABLE_OBJC_WEAK = YES;
				CLANG_WARN_BLOCK_CAPTURE_AUTORELEASING = YES;
				CLANG_WARN_BOOL_CONVERSION = YES;
				CLANG_WARN_COMMA = YES;
				CLANG_WARN_CONSTANT_CONVERSION = YES;
				CLANG_WARN_DEPRECATED_OBJC_IMPLEMENTATIONS = YES;
				CLANG_WARN_DIRECT_OBJC_ISA_USAGE = YES_ERROR;
				CLANG_WARN_DOCUMENTATION_COMMENTS = YES;
				CLANG_WARN_EMPTY_BODY = YES;
				CLANG_WARN_ENUM_CONVERSION = YES;
				CLANG_WARN_INFINITE_RECURSION = YES;
				CLANG_WARN_INT_CONVERSION = YES;
				CLANG_WARN_NON_LITERAL_NULL_CONVERSION = YES;
				CLANG_WARN_OBJC_IMPLICIT_RETAIN_SELF = YES;
				CLANG_WARN_OBJC_LITERAL_CONVERSION = YES;
				CLANG_WARN_OBJC_ROOT_CLASS = YES_ERROR;
				CLANG_WARN_QUOTED_INCLUDE_IN_FRAMEWORK_HEADER = YES;
				CLANG_WARN_RANGE_LOOP_ANALYSIS = YES;
				CLANG_WARN_STRICT_PROTOTYPES = YES;
				CLANG_WARN_SUSPICIOUS_MOVE = YES;
				CLANG_WARN_UNGUARDED_AVAILABILITY = YES_AGGRESSIVE;
				CLANG_WARN_UNREACHABLE_CODE = YES;
				CLANG_WARN__DUPLICATE_METHOD_MATCH = YES;
				COPY_PHASE_STRIP = NO;
				DEBUG_INFORMATION_FORMAT = dwarf;
				ENABLE_STRICT_OBJC_MSGSEND = YES;
				ENABLE_TESTABILITY = YES;
				GCC_C_LANGUAGE_STANDARD = gnu11;
				GCC_DYNAMIC_NO_PIC = NO;
				GCC_NO_COMMON_BLOCKS = YES;
				GCC_OPTIMIZATION_LEVEL = 0;
				GCC_PREPROCESSOR_DEFINITIONS = (
					"DEBUG=1",
					"$(inherited)",
				);
				GCC_WARN_64_TO_32_BIT_CONVERSION = YES;
				GCC_WARN_ABOUT_RETURN_TYPE = YES_ERROR;
				GCC_WARN_UNDECLARED_SELECTOR = YES;
				GCC_WARN_UNINITIALIZED_AUTOS = YES_AGGRESSIVE;
				GCC_WARN_UNUSED_FUNCTION = YES;
				GCC_WARN_UNUSED_VARIABLE = YES;
				MACOSX_DEPLOYMENT_TARGET = 11.0;
				MTL_ENABLE_DEBUG_INFO = INCLUDE_SOURCE;
				MTL_FAST_MATH = YES;
				ONLY_ACTIVE_ARCH = YES;
				SDKROOT = macosx;
				SWIFT_ACTIVE_COMPILATION_CONDITIONS = DEBUG;
				SWIFT_OPTIMIZATION_LEVEL = "-Onone";
			};
			name = Debug;
		};
		9128E050254F866E005CB262 /* Release */ = {
			isa = XCBuildConfiguration;
			buildSettings = {
				ALWAYS_SEARCH_USER_PATHS = NO;
				CLANG_ANALYZER_NONNULL = YES;
				CLANG_ANALYZER_NUMBER_OBJECT_CONVERSION = YES_AGGRESSIVE;
				CLANG_CXX_LANGUAGE_STANDARD = "gnu++14";
				CLANG_CXX_LIBRARY = "libc++";
				CLANG_ENABLE_MODULES = YES;
				CLANG_ENABLE_OBJC_ARC = YES;
				CLANG_ENABLE_OBJC_WEAK = YES;
				CLANG_WARN_BLOCK_CAPTURE_AUTORELEASING = YES;
				CLANG_WARN_BOOL_CONVERSION = YES;
				CLANG_WARN_COMMA = YES;
				CLANG_WARN_CONSTANT_CONVERSION = YES;
				CLANG_WARN_DEPRECATED_OBJC_IMPLEMENTATIONS = YES;
				CLANG_WARN_DIRECT_OBJC_ISA_USAGE = YES_ERROR;
				CLANG_WARN_DOCUMENTATION_COMMENTS = YES;
				CLANG_WARN_EMPTY_BODY = YES;
				CLANG_WARN_ENUM_CONVERSION = YES;
				CLANG_WARN_INFINITE_RECURSION = YES;
				CLANG_WARN_INT_CONVERSION = YES;
				CLANG_WARN_NON_LITERAL_NULL_CONVERSION = YES;
				CLANG_WARN_OBJC_IMPLICIT_RETAIN_SELF = YES;
				CLANG_WARN_OBJC_LITERAL_CONVERSION = YES;
				CLANG_WARN_OBJC_ROOT_CLASS = YES_ERROR;
				CLANG_WARN_QUOTED_INCLUDE_IN_FRAMEWORK_HEADER = YES;
				CLANG_WARN_RANGE_LOOP_ANALYSIS = YES;
				CLANG_WARN_STRICT_PROTOTYPES = YES;
				CLANG_WARN_SUSPICIOUS_MOVE = YES;
				CLANG_WARN_UNGUARDED_AVAILABILITY = YES_AGGRESSIVE;
				CLANG_WARN_UNREACHABLE_CODE = YES;
				CLANG_WARN__DUPLICATE_METHOD_MATCH = YES;
				COPY_PHASE_STRIP = NO;
				DEBUG_INFORMATION_FORMAT = "dwarf-with-dsym";
				ENABLE_NS_ASSERTIONS = NO;
				ENABLE_STRICT_OBJC_MSGSEND = YES;
				GCC_C_LANGUAGE_STANDARD = gnu11;
				GCC_NO_COMMON_BLOCKS = YES;
				GCC_WARN_64_TO_32_BIT_CONVERSION = YES;
				GCC_WARN_ABOUT_RETURN_TYPE = YES_ERROR;
				GCC_WARN_UNDECLARED_SELECTOR = YES;
				GCC_WARN_UNINITIALIZED_AUTOS = YES_AGGRESSIVE;
				GCC_WARN_UNUSED_FUNCTION = YES;
				GCC_WARN_UNUSED_VARIABLE = YES;
				MACOSX_DEPLOYMENT_TARGET = 11.0;
				MTL_ENABLE_DEBUG_INFO = NO;
				MTL_FAST_MATH = YES;
				SDKROOT = macosx;
				SWIFT_COMPILATION_MODE = wholemodule;
				SWIFT_OPTIMIZATION_LEVEL = "-O";
			};
			name = Release;
		};
		9128E052254F866E005CB262 /* Debug */ = {
			isa = XCBuildConfiguration;
			buildSettings = {
				ASSETCATALOG_COMPILER_APPICON_NAME = AppIcon;
				ASSETCATALOG_COMPILER_GLOBAL_ACCENT_COLOR_NAME = AccentColor;
				CODE_SIGN_ENTITLEMENTS = taurus/taurus.entitlements;
				CODE_SIGN_IDENTITY = "-";
				CODE_SIGN_STYLE = Automatic;
				COMBINE_HIDPI_IMAGES = YES;
				DEVELOPMENT_ASSET_PATHS = "\"taurus/Preview Content\"";
				ENABLE_PREVIEWS = YES;
				INFOPLIST_FILE = taurus/Info.plist;
				LD_RUNPATH_SEARCH_PATHS = (
					"$(inherited)",
					"@executable_path/../Frameworks",
				);
				MACOSX_DEPLOYMENT_TARGET = 10.15;
				PRODUCT_BUNDLE_IDENTIFIER = tmcw.taurus;
				PRODUCT_NAME = "$(TARGET_NAME)";
				SWIFT_VERSION = 5.0;
			};
			name = Debug;
		};
		9128E053254F866E005CB262 /* Release */ = {
			isa = XCBuildConfiguration;
			buildSettings = {
				ASSETCATALOG_COMPILER_APPICON_NAME = AppIcon;
				ASSETCATALOG_COMPILER_GLOBAL_ACCENT_COLOR_NAME = AccentColor;
				CODE_SIGN_ENTITLEMENTS = taurus/taurus.entitlements;
				CODE_SIGN_IDENTITY = "-";
				CODE_SIGN_STYLE = Automatic;
				COMBINE_HIDPI_IMAGES = YES;
				DEVELOPMENT_ASSET_PATHS = "\"taurus/Preview Content\"";
				ENABLE_PREVIEWS = YES;
				INFOPLIST_FILE = taurus/Info.plist;
				LD_RUNPATH_SEARCH_PATHS = (
					"$(inherited)",
					"@executable_path/../Frameworks",
				);
				MACOSX_DEPLOYMENT_TARGET = 10.15;
				PRODUCT_BUNDLE_IDENTIFIER = tmcw.taurus;
				PRODUCT_NAME = "$(TARGET_NAME)";
				SWIFT_VERSION = 5.0;
			};
			name = Release;
		};
		9128E055254F866E005CB262 /* Debug */ = {
			isa = XCBuildConfiguration;
			buildSettings = {
				ALWAYS_EMBED_SWIFT_STANDARD_LIBRARIES = YES;
				BUNDLE_LOADER = "$(TEST_HOST)";
				CODE_SIGN_STYLE = Automatic;
				COMBINE_HIDPI_IMAGES = YES;
				INFOPLIST_FILE = taurusTests/Info.plist;
				LD_RUNPATH_SEARCH_PATHS = (
					"$(inherited)",
					"@executable_path/../Frameworks",
					"@loader_path/../Frameworks",
				);
				MACOSX_DEPLOYMENT_TARGET = 10.15;
				PRODUCT_BUNDLE_IDENTIFIER = tmcw.taurusTests;
				PRODUCT_NAME = "$(TARGET_NAME)";
				SWIFT_VERSION = 5.0;
				TEST_HOST = "$(BUILT_PRODUCTS_DIR)/taurus.app/Contents/MacOS/taurus";
			};
			name = Debug;
		};
		9128E056254F866E005CB262 /* Release */ = {
			isa = XCBuildConfiguration;
			buildSettings = {
				ALWAYS_EMBED_SWIFT_STANDARD_LIBRARIES = YES;
				BUNDLE_LOADER = "$(TEST_HOST)";
				CODE_SIGN_STYLE = Automatic;
				COMBINE_HIDPI_IMAGES = YES;
				INFOPLIST_FILE = taurusTests/Info.plist;
				LD_RUNPATH_SEARCH_PATHS = (
					"$(inherited)",
					"@executable_path/../Frameworks",
					"@loader_path/../Frameworks",
				);
				MACOSX_DEPLOYMENT_TARGET = 10.15;
				PRODUCT_BUNDLE_IDENTIFIER = tmcw.taurusTests;
				PRODUCT_NAME = "$(TARGET_NAME)";
				SWIFT_VERSION = 5.0;
				TEST_HOST = "$(BUILT_PRODUCTS_DIR)/taurus.app/Contents/MacOS/taurus";
			};
			name = Release;
		};
		9128E058254F866E005CB262 /* Debug */ = {
			isa = XCBuildConfiguration;
			buildSettings = {
				ALWAYS_EMBED_SWIFT_STANDARD_LIBRARIES = YES;
				CODE_SIGN_STYLE = Automatic;
				COMBINE_HIDPI_IMAGES = YES;
				INFOPLIST_FILE = taurusUITests/Info.plist;
				LD_RUNPATH_SEARCH_PATHS = (
					"$(inherited)",
					"@executable_path/../Frameworks",
					"@loader_path/../Frameworks",
				);
				PRODUCT_BUNDLE_IDENTIFIER = tmcw.taurusUITests;
				PRODUCT_NAME = "$(TARGET_NAME)";
				SWIFT_VERSION = 5.0;
				TEST_TARGET_NAME = taurus;
			};
			name = Debug;
		};
		9128E059254F866E005CB262 /* Release */ = {
			isa = XCBuildConfiguration;
			buildSettings = {
				ALWAYS_EMBED_SWIFT_STANDARD_LIBRARIES = YES;
				CODE_SIGN_STYLE = Automatic;
				COMBINE_HIDPI_IMAGES = YES;
				INFOPLIST_FILE = taurusUITests/Info.plist;
				LD_RUNPATH_SEARCH_PATHS = (
					"$(inherited)",
					"@executable_path/../Frameworks",
					"@loader_path/../Frameworks",
				);
				PRODUCT_BUNDLE_IDENTIFIER = tmcw.taurusUITests;
				PRODUCT_NAME = "$(TARGET_NAME)";
				SWIFT_VERSION = 5.0;
				TEST_TARGET_NAME = taurus;
			};
			name = Release;
		};
/* End XCBuildConfiguration section */

/* Begin XCConfigurationList section */
		9128E023254F866D005CB262 /* Build configuration list for PBXProject "taurus" */ = {
			isa = XCConfigurationList;
			buildConfigurations = (
				9128E04F254F866E005CB262 /* Debug */,
				9128E050254F866E005CB262 /* Release */,
			);
			defaultConfigurationIsVisible = 0;
			defaultConfigurationName = Release;
		};
		9128E051254F866E005CB262 /* Build configuration list for PBXNativeTarget "taurus" */ = {
			isa = XCConfigurationList;
			buildConfigurations = (
				9128E052254F866E005CB262 /* Debug */,
				9128E053254F866E005CB262 /* Release */,
			);
			defaultConfigurationIsVisible = 0;
			defaultConfigurationName = Release;
		};
		9128E054254F866E005CB262 /* Build configuration list for PBXNativeTarget "taurusTests" */ = {
			isa = XCConfigurationList;
			buildConfigurations = (
				9128E055254F866E005CB262 /* Debug */,
				9128E056254F866E005CB262 /* Release */,
			);
			defaultConfigurationIsVisible = 0;
			defaultConfigurationName = Release;
		};
		9128E057254F866E005CB262 /* Build configuration list for PBXNativeTarget "taurusUITests" */ = {
			isa = XCConfigurationList;
			buildConfigurations = (
				9128E058254F866E005CB262 /* Debug */,
				9128E059254F866E005CB262 /* Release */,
			);
			defaultConfigurationIsVisible = 0;
			defaultConfigurationName = Release;
		};
/* End XCConfigurationList section */
	};
	rootObject = 9128E020254F866D005CB262 /* Project object */;
}
